
Microsoft Visual Studio Solution File, Format Version 12.00
# Visual Studio Version 16
VisualStudioVersion = 16.0.30011.22
MinimumVisualStudioVersion = 10.0.40219.1
Project("{FAE04EC0-301F-11D3-BF4B-00C04F79EFBC}") = "RemoteController", "RemoteController\RemoteController.csproj", "{3FAFD501-D0B4-45B3-96F1-01668475413D}"
EndProject
Global
	GlobalSection(SolutionConfigurationPlatforms) = preSolution
		Debug|Any CPU = Debug|Any CPU
		Release|Any CPU = Release|Any CPU
	EndGlobalSection
	GlobalSection(ProjectConfigurationPlatforms) = postSolution
		{3FAFD501-D0B4-45B3-96F1-01668475413D}.Debug|Any CPU.ActiveCfg = Debug|Any CPU
		{3FAFD501-D0B4-45B3-96F1-01668475413D}.Debug|Any CPU.Build.0 = Debug|Any CPU
		{3FAFD501-D0B4-45B3-96F1-01668475413D}.Release|Any CPU.ActiveCfg = Release|Any CPU
		{3FAFD501-D0B4-45B3-96F1-01668475413D}.Release|Any CPU.Build.0 = Release|Any CPU
	EndGlobalSection
	GlobalSection(SolutionProperties) = preSolution
		HideSolutionNode = FALSE
	EndGlobalSection
	GlobalSection(ExtensibilityGlobals) = postSolution
		SolutionGuid = {583298DB-B416-440D-A433-469BB0C8AFE7}
	EndGlobalSection
EndGlobal
